
Microsoft Visual Studio Solution File, Format Version 12.00
# Visual Studio Version 16
VisualStudioVersion = 16.0.30114.105
MinimumVisualStudioVersion = 10.0.40219.1
Project("{F2A71F9B-5D33-465A-A702-920D77279786}") = "FSharp.Data.Yaml", "src\FSharp.Data.Yaml.fsproj", "{5470D630-A084-44D8-9B3E-AF8C4AF3DABA}"
EndProject
Global
	GlobalSection(SolutionConfigurationPlatforms) = preSolution
		Debug|Any CPU = Debug|Any CPU
		Release|Any CPU = Release|Any CPU
	EndGlobalSection
	GlobalSection(SolutionProperties) = preSolution
		HideSolutionNode = FALSE
	EndGlobalSection
	GlobalSection(ProjectConfigurationPlatforms) = postSolution
		{5470D630-A084-44D8-9B3E-AF8C4AF3DABA}.Debug|Any CPU.ActiveCfg = Debug|Any CPU
		{5470D630-A084-44D8-9B3E-AF8C4AF3DABA}.Debug|Any CPU.Build.0 = Debug|Any CPU
		{5470D630-A084-44D8-9B3E-AF8C4AF3DABA}.Release|Any CPU.ActiveCfg = Release|Any CPU
		{5470D630-A084-44D8-9B3E-AF8C4AF3DABA}.Release|Any CPU.Build.0 = Release|Any CPU
	EndGlobalSection
EndGlobal
